// !$*UTF8*$!
{
	archiveVersion = 1;
	classes = {
	};
	objectVersion = 55;
	objects = {

/* Begin PBXBuildFile section */
		4A3D55D9273366C6006FA0D0 /* AddViewController.swift in Sources */ = {isa = PBXBuildFile; fileRef = 4A3D55D8273366C6006FA0D0 /* AddViewController.swift */; };
		4A3D55DD273366FC006FA0D0 /* TableViewController.swift in Sources */ = {isa = PBXBuildFile; fileRef = 4A3D55DC273366FC006FA0D0 /* TableViewController.swift */; };
		4A3D55E127336B76006FA0D0 /* flashcardsData.swift in Sources */ = {isa = PBXBuildFile; fileRef = 4A3D55E027336B76006FA0D0 /* flashcardsData.swift */; };
		4AD5CF122715E42800FF3DD4 /* AppDelegate.swift in Sources */ = {isa = PBXBuildFile; fileRef = 4AD5CF112715E42800FF3DD4 /* AppDelegate.swift */; };
		4AD5CF142715E42800FF3DD4 /* SceneDelegate.swift in Sources */ = {isa = PBXBuildFile; fileRef = 4AD5CF132715E42800FF3DD4 /* SceneDelegate.swift */; };
		4AD5CF162715E42800FF3DD4 /* QuestionViewController.swift in Sources */ = {isa = PBXBuildFile; fileRef = 4AD5CF152715E42800FF3DD4 /* QuestionViewController.swift */; };
		4AD5CF192715E42800FF3DD4 /* Main.storyboard in Resources */ = {isa = PBXBuildFile; fileRef = 4AD5CF172715E42800FF3DD4 /* Main.storyboard */; };
		4AD5CF1B2715E42900FF3DD4 /* Assets.xcassets in Resources */ = {isa = PBXBuildFile; fileRef = 4AD5CF1A2715E42900FF3DD4 /* Assets.xcassets */; };
		4AD5CF1E2715E42900FF3DD4 /* LaunchScreen.storyboard in Resources */ = {isa = PBXBuildFile; fileRef = 4AD5CF1C2715E42900FF3DD4 /* LaunchScreen.storyboard */; };
		4AD5CF292715E42900FF3DD4 /* XuConneHW5Tests.swift in Sources */ = {isa = PBXBuildFile; fileRef = 4AD5CF282715E42900FF3DD4 /* XuConneHW5Tests.swift */; };
		4AD5CF332715E42900FF3DD4 /* XuConneHW5UITests.swift in Sources */ = {isa = PBXBuildFile; fileRef = 4AD5CF322715E42900FF3DD4 /* XuConneHW5UITests.swift */; };
		4AD5CF352715E42900FF3DD4 /* XuConneHW5UITestsLaunchTests.swift in Sources */ = {isa = PBXBuildFile; fileRef = 4AD5CF342715E42900FF3DD4 /* XuConneHW5UITestsLaunchTests.swift */; };
		4AD5CF462715E61900FF3DD4 /* Flashcard.swift in Sources */ = {isa = PBXBuildFile; fileRef = 4AD5CF452715E61900FF3DD4 /* Flashcard.swift */; };
		4AD5CF472715E61900FF3DD4 /* Flashcard.swift in Sources */ = {isa = PBXBuildFile; fileRef = 4AD5CF452715E61900FF3DD4 /* Flashcard.swift */; };
		4AD5CF482715E61900FF3DD4 /* Flashcard.swift in Sources */ = {isa = PBXBuildFile; fileRef = 4AD5CF452715E61900FF3DD4 /* Flashcard.swift */; };
		4AD5CF4E2715E85F00FF3DD4 /* FlashcardsModel.swift in Sources */ = {isa = PBXBuildFile; fileRef = 4AD5CF4D2715E85F00FF3DD4 /* FlashcardsModel.swift */; };
		4AD5CF4F2715E85F00FF3DD4 /* FlashcardsModel.swift in Sources */ = {isa = PBXBuildFile; fileRef = 4AD5CF4D2715E85F00FF3DD4 /* FlashcardsModel.swift */; };
		4AD5CF502715E85F00FF3DD4 /* FlashcardsModel.swift in Sources */ = {isa = PBXBuildFile; fileRef = 4AD5CF4D2715E85F00FF3DD4 /* FlashcardsModel.swift */; };
		4AF712FB27279525005299EB /* HW6FlashcardsDataModel.swift in Sources */ = {isa = PBXBuildFile; fileRef = 4AF712FA27279525005299EB /* HW6FlashcardsDataModel.swift */; };
		4AF712FC27279525005299EB /* HW6FlashcardsDataModel.swift in Sources */ = {isa = PBXBuildFile; fileRef = 4AF712FA27279525005299EB /* HW6FlashcardsDataModel.swift */; };
		4AF712FD27279525005299EB /* HW6FlashcardsDataModel.swift in Sources */ = {isa = PBXBuildFile; fileRef = 4AF712FA27279525005299EB /* HW6FlashcardsDataModel.swift */; };
/* End PBXBuildFile section */

/* Begin PBXContainerItemProxy section */
		4AD5CF252715E42900FF3DD4 /* PBXContainerItemProxy */ = {
			isa = PBXContainerItemProxy;
			containerPortal = 4AD5CF062715E42800FF3DD4 /* Project object */;
			proxyType = 1;
			remoteGlobalIDString = 4AD5CF0D2715E42800FF3DD4;
			remoteInfo = XuConneHW5;
		};
		4AD5CF2F2715E42900FF3DD4 /* PBXContainerItemProxy */ = {
			isa = PBXContainerItemProxy;
			containerPortal = 4AD5CF062715E42800FF3DD4 /* Project object */;
			proxyType = 1;
			remoteGlobalIDString = 4AD5CF0D2715E42800FF3DD4;
			remoteInfo = XuConneHW5;
		};
/* End PBXContainerItemProxy section */

/* Begin PBXFileReference section */
		4A3D55D8273366C6006FA0D0 /* AddViewController.swift */ = {isa = PBXFileReference; lastKnownFileType = sourcecode.swift; path = AddViewController.swift; sourceTree = "<group>"; };
		4A3D55DC273366FC006FA0D0 /* TableViewController.swift */ = {isa = PBXFileReference; lastKnownFileType = sourcecode.swift; path = TableViewController.swift; sourceTree = "<group>"; };
		4A3D55E027336B76006FA0D0 /* flashcardsData.swift */ = {isa = PBXFileReference; lastKnownFileType = sourcecode.swift; path = flashcardsData.swift; sourceTree = "<group>"; };
		4AD5CF0E2715E42800FF3DD4 /* XuConnieHW6.app */ = {isa = PBXFileReference; explicitFileType = wrapper.application; includeInIndex = 0; path = XuConnieHW6.app; sourceTree = BUILT_PRODUCTS_DIR; };
		4AD5CF112715E42800FF3DD4 /* AppDelegate.swift */ = {isa = PBXFileReference; lastKnownFileType = sourcecode.swift; path = AppDelegate.swift; sourceTree = "<group>"; };
		4AD5CF132715E42800FF3DD4 /* SceneDelegate.swift */ = {isa = PBXFileReference; lastKnownFileType = sourcecode.swift; path = SceneDelegate.swift; sourceTree = "<group>"; };
		4AD5CF152715E42800FF3DD4 /* QuestionViewController.swift */ = {isa = PBXFileReference; lastKnownFileType = sourcecode.swift; path = QuestionViewController.swift; sourceTree = "<group>"; };
		4AD5CF182715E42800FF3DD4 /* Base */ = {isa = PBXFileReference; lastKnownFileType = file.storyboard; name = Base; path = Base.lproj/Main.storyboard; sourceTree = "<group>"; };
		4AD5CF1A2715E42900FF3DD4 /* Assets.xcassets */ = {isa = PBXFileReference; lastKnownFileType = folder.assetcatalog; path = Assets.xcassets; sourceTree = "<group>"; };
		4AD5CF1D2715E42900FF3DD4 /* Base */ = {isa = PBXFileReference; lastKnownFileType = file.storyboard; name = Base; path = Base.lproj/LaunchScreen.storyboard; sourceTree = "<group>"; };
		4AD5CF1F2715E42900FF3DD4 /* Info.plist */ = {isa = PBXFileReference; lastKnownFileType = text.plist.xml; path = Info.plist; sourceTree = "<group>"; };
		4AD5CF242715E42900FF3DD4 /* XuConnieHW6Tests.xctest */ = {isa = PBXFileReference; explicitFileType = wrapper.cfbundle; includeInIndex = 0; path = XuConnieHW6Tests.xctest; sourceTree = BUILT_PRODUCTS_DIR; };
		4AD5CF282715E42900FF3DD4 /* XuConneHW5Tests.swift */ = {isa = PBXFileReference; lastKnownFileType = sourcecode.swift; path = XuConneHW5Tests.swift; sourceTree = "<group>"; };
		4AD5CF2E2715E42900FF3DD4 /* XuConnieHW6UITests.xctest */ = {isa = PBXFileReference; explicitFileType = wrapper.cfbundle; includeInIndex = 0; path = XuConnieHW6UITests.xctest; sourceTree = BUILT_PRODUCTS_DIR; };
		4AD5CF322715E42900FF3DD4 /* XuConneHW5UITests.swift */ = {isa = PBXFileReference; lastKnownFileType = sourcecode.swift; path = XuConneHW5UITests.swift; sourceTree = "<group>"; };
		4AD5CF342715E42900FF3DD4 /* XuConneHW5UITestsLaunchTests.swift */ = {isa = PBXFileReference; lastKnownFileType = sourcecode.swift; path = XuConneHW5UITestsLaunchTests.swift; sourceTree = "<group>"; };
		4AD5CF452715E61900FF3DD4 /* Flashcard.swift */ = {isa = PBXFileReference; lastKnownFileType = sourcecode.swift; path = Flashcard.swift; sourceTree = "<group>"; };
		4AD5CF4D2715E85F00FF3DD4 /* FlashcardsModel.swift */ = {isa = PBXFileReference; lastKnownFileType = sourcecode.swift; path = FlashcardsModel.swift; sourceTree = "<group>"; };
		4AF712FA27279525005299EB /* HW6FlashcardsDataModel.swift */ = {isa = PBXFileReference; fileEncoding = 4; lastKnownFileType = sourcecode.swift; path = HW6FlashcardsDataModel.swift; sourceTree = "<group>"; };
/* End PBXFileReference section */

/* Begin PBXFrameworksBuildPhase section */
		4AD5CF0B2715E42800FF3DD4 /* Frameworks */ = {
			isa = PBXFrameworksBuildPhase;
			buildActionMask = 2147483647;
			files = (
			);
			runOnlyForDeploymentPostprocessing = 0;
		};
		4AD5CF212715E42900FF3DD4 /* Frameworks */ = {
			isa = PBXFrameworksBuildPhase;
			buildActionMask = 2147483647;
			files = (
			);
			runOnlyForDeploymentPostprocessing = 0;
		};
		4AD5CF2B2715E42900FF3DD4 /* Frameworks */ = {
			isa = PBXFrameworksBuildPhase;
			buildActionMask = 2147483647;
			files = (
			);
			runOnlyForDeploymentPostprocessing = 0;
		};
/* End PBXFrameworksBuildPhase section */

/* Begin PBXGroup section */
		4AD5CF052715E42800FF3DD4 = {
			isa = PBXGroup;
			children = (
				4AD5CF102715E42800FF3DD4 /* XuConneHW5 */,
				4AD5CF272715E42900FF3DD4 /* XuConneHW5Tests */,
				4AD5CF312715E42900FF3DD4 /* XuConneHW5UITests */,
				4AD5CF0F2715E42800FF3DD4 /* Products */,
			);
			sourceTree = "<group>";
		};
		4AD5CF0F2715E42800FF3DD4 /* Products */ = {
			isa = PBXGroup;
			children = (
				4AD5CF0E2715E42800FF3DD4 /* XuConnieHW6.app */,
				4AD5CF242715E42900FF3DD4 /* XuConnieHW6Tests.xctest */,
				4AD5CF2E2715E42900FF3DD4 /* XuConnieHW6UITests.xctest */,
			);
			name = Products;
			sourceTree = "<group>";
		};
		4AD5CF102715E42800FF3DD4 /* XuConneHW5 */ = {
			isa = PBXGroup;
			children = (
				4AD5CF412715E46E00FF3DD4 /* Model */,
				4AD5CF422715E48500FF3DD4 /* View */,
				4AD5CF432715E4A200FF3DD4 /* Controller */,
				4AD5CF442715E4BE00FF3DD4 /* Supplemental Files */,
				4AD5CF1A2715E42900FF3DD4 /* Assets.xcassets */,
				4AD5CF1F2715E42900FF3DD4 /* Info.plist */,
			);
			path = XuConneHW5;
			sourceTree = "<group>";
		};
		4AD5CF272715E42900FF3DD4 /* XuConneHW5Tests */ = {
			isa = PBXGroup;
			children = (
				4AD5CF282715E42900FF3DD4 /* XuConneHW5Tests.swift */,
			);
			path = XuConneHW5Tests;
			sourceTree = "<group>";
		};
		4AD5CF312715E42900FF3DD4 /* XuConneHW5UITests */ = {
			isa = PBXGroup;
			children = (
				4AD5CF322715E42900FF3DD4 /* XuConneHW5UITests.swift */,
				4AD5CF342715E42900FF3DD4 /* XuConneHW5UITestsLaunchTests.swift */,
			);
			path = XuConneHW5UITests;
			sourceTree = "<group>";
		};
		4AD5CF412715E46E00FF3DD4 /* Model */ = {
			isa = PBXGroup;
			children = (
				4AD5CF452715E61900FF3DD4 /* Flashcard.swift */,
				4AF712FA27279525005299EB /* HW6FlashcardsDataModel.swift */,
				4AD5CF4D2715E85F00FF3DD4 /* FlashcardsModel.swift */,
				4A3D55E027336B76006FA0D0 /* flashcardsData.swift */,
			);
			path = Model;
			sourceTree = "<group>";
		};
		4AD5CF422715E48500FF3DD4 /* View */ = {
			isa = PBXGroup;
			children = (
				4AD5CF1C2715E42900FF3DD4 /* LaunchScreen.storyboard */,
				4AD5CF172715E42800FF3DD4 /* Main.storyboard */,
			);
			path = View;
			sourceTree = "<group>";
		};
		4AD5CF432715E4A200FF3DD4 /* Controller */ = {
			isa = PBXGroup;
			children = (
				4AD5CF152715E42800FF3DD4 /* QuestionViewController.swift */,
				4A3D55D8273366C6006FA0D0 /* AddViewController.swift */,
				4A3D55DC273366FC006FA0D0 /* TableViewController.swift */,
			);
			path = Controller;
			sourceTree = "<group>";
		};
		4AD5CF442715E4BE00FF3DD4 /* Supplemental Files */ = {
			isa = PBXGroup;
			children = (
				4AD5CF112715E42800FF3DD4 /* AppDelegate.swift */,
				4AD5CF132715E42800FF3DD4 /* SceneDelegate.swift */,
			);
			path = "Supplemental Files";
			sourceTree = "<group>";
		};
/* End PBXGroup section */

/* Begin PBXNativeTarget section */
		4AD5CF0D2715E42800FF3DD4 /* XuConnieHW6 */ = {
			isa = PBXNativeTarget;
			buildConfigurationList = 4AD5CF382715E42900FF3DD4 /* Build configuration list for PBXNativeTarget "XuConnieHW6" */;
			buildPhases = (
				4AD5CF0A2715E42800FF3DD4 /* Sources */,
				4AD5CF0B2715E42800FF3DD4 /* Frameworks */,
				4AD5CF0C2715E42800FF3DD4 /* Resources */,
			);
			buildRules = (
			);
			dependencies = (
			);
			name = XuConnieHW6;
			productName = XuConneHW5;
			productReference = 4AD5CF0E2715E42800FF3DD4 /* XuConnieHW6.app */;
			productType = "com.apple.product-type.application";
		};
		4AD5CF232715E42900FF3DD4 /* XuConnieHW6Tests */ = {
			isa = PBXNativeTarget;
			buildConfigurationList = 4AD5CF3B2715E42900FF3DD4 /* Build configuration list for PBXNativeTarget "XuConnieHW6Tests" */;
			buildPhases = (
				4AD5CF202715E42900FF3DD4 /* Sources */,
				4AD5CF212715E42900FF3DD4 /* Frameworks */,
				4AD5CF222715E42900FF3DD4 /* Resources */,
			);
			buildRules = (
			);
			dependencies = (
				4AD5CF262715E42900FF3DD4 /* PBXTargetDependency */,
			);
			name = XuConnieHW6Tests;
			productName = XuConneHW5Tests;
			productReference = 4AD5CF242715E42900FF3DD4 /* XuConnieHW6Tests.xctest */;
			productType = "com.apple.product-type.bundle.unit-test";
		};
		4AD5CF2D2715E42900FF3DD4 /* XuConnieHW6UITests */ = {
			isa = PBXNativeTarget;
			buildConfigurationList = 4AD5CF3E2715E42900FF3DD4 /* Build configuration list for PBXNativeTarget "XuConnieHW6UITests" */;
			buildPhases = (
				4AD5CF2A2715E42900FF3DD4 /* Sources */,
				4AD5CF2B2715E42900FF3DD4 /* Frameworks */,
				4AD5CF2C2715E42900FF3DD4 /* Resources */,
			);
			buildRules = (
			);
			dependencies = (
				4AD5CF302715E42900FF3DD4 /* PBXTargetDependency */,
			);
			name = XuConnieHW6UITests;
			productName = XuConneHW5UITests;
			productReference = 4AD5CF2E2715E42900FF3DD4 /* XuConnieHW6UITests.xctest */;
			productType = "com.apple.product-type.bundle.ui-testing";
		};
/* End PBXNativeTarget section */

/* Begin PBXProject section */
		4AD5CF062715E42800FF3DD4 /* Project object */ = {
			isa = PBXProject;
			attributes = {
				BuildIndependentTargetsInParallel = 1;
				LastSwiftUpdateCheck = 1300;
				LastUpgradeCheck = 1300;
				TargetAttributes = {
					4AD5CF0D2715E42800FF3DD4 = {
						CreatedOnToolsVersion = 13.0;
					};
					4AD5CF232715E42900FF3DD4 = {
						CreatedOnToolsVersion = 13.0;
						TestTargetID = 4AD5CF0D2715E42800FF3DD4;
					};
					4AD5CF2D2715E42900FF3DD4 = {
						CreatedOnToolsVersion = 13.0;
						TestTargetID = 4AD5CF0D2715E42800FF3DD4;
					};
				};
			};
			buildConfigurationList = 4AD5CF092715E42800FF3DD4 /* Build configuration list for PBXProject "XuConnieHW6" */;
			compatibilityVersion = "Xcode 13.0";
			developmentRegion = en;
			hasScannedForEncodings = 0;
			knownRegions = (
				en,
				Base,
			);
			mainGroup = 4AD5CF052715E42800FF3DD4;
			productRefGroup = 4AD5CF0F2715E42800FF3DD4 /* Products */;
			projectDirPath = "";
			projectRoot = "";
			targets = (
				4AD5CF0D2715E42800FF3DD4 /* XuConnieHW6 */,
				4AD5CF232715E42900FF3DD4 /* XuConnieHW6Tests */,
				4AD5CF2D2715E42900FF3DD4 /* XuConnieHW6UITests */,
			);
		};
/* End PBXProject section */

/* Begin PBXResourcesBuildPhase section */
		4AD5CF0C2715E42800FF3DD4 /* Resources */ = {
			isa = PBXResourcesBuildPhase;
			buildActionMask = 2147483647;
			files = (
				4AD5CF1E2715E42900FF3DD4 /* LaunchScreen.storyboard in Resources */,
				4AD5CF1B2715E42900FF3DD4 /* Assets.xcassets in Resources */,
				4AD5CF192715E42800FF3DD4 /* Main.storyboard in Resources */,
			);
			runOnlyForDeploymentPostprocessing = 0;
		};
		4AD5CF222715E42900FF3DD4 /* Resources */ = {
			isa = PBXResourcesBuildPhase;
			buildActionMask = 2147483647;
			files = (
			);
			runOnlyForDeploymentPostprocessing = 0;
		};
		4AD5CF2C2715E42900FF3DD4 /* Resources */ = {
			isa = PBXResourcesBuildPhase;
			buildActionMask = 2147483647;
			files = (
			);
			runOnlyForDeploymentPostprocessing = 0;
		};
/* End PBXResourcesBuildPhase section */

/* Begin PBXSourcesBuildPhase section */
		4AD5CF0A2715E42800FF3DD4 /* Sources */ = {
			isa = PBXSourcesBuildPhase;
			buildActionMask = 2147483647;
			files = (
				4AF712FB27279525005299EB /* HW6FlashcardsDataModel.swift in Sources */,
				4AD5CF162715E42800FF3DD4 /* QuestionViewController.swift in Sources */,
				4A3D55E127336B76006FA0D0 /* flashcardsData.swift in Sources */,
				4A3D55D9273366C6006FA0D0 /* AddViewController.swift in Sources */,
				4A3D55DD273366FC006FA0D0 /* TableViewController.swift in Sources */,
				4AD5CF122715E42800FF3DD4 /* AppDelegate.swift in Sources */,
				4AD5CF462715E61900FF3DD4 /* Flashcard.swift in Sources */,
				4AD5CF4E2715E85F00FF3DD4 /* FlashcardsModel.swift in Sources */,
				4AD5CF142715E42800FF3DD4 /* SceneDelegate.swift in Sources */,
			);
			runOnlyForDeploymentPostprocessing = 0;
		};
		4AD5CF202715E42900FF3DD4 /* Sources */ = {
			isa = PBXSourcesBuildPhase;
			buildActionMask = 2147483647;
			files = (
				4AD5CF4F2715E85F00FF3DD4 /* FlashcardsModel.swift in Sources */,
				4AD5CF472715E61900FF3DD4 /* Flashcard.swift in Sources */,
				4AF712FC27279525005299EB /* HW6FlashcardsDataModel.swift in Sources */,
				4AD5CF292715E42900FF3DD4 /* XuConneHW5Tests.swift in Sources */,
			);
			runOnlyForDeploymentPostprocessing = 0;
		};
		4AD5CF2A2715E42900FF3DD4 /* Sources */ = {
			isa = PBXSourcesBuildPhase;
			buildActionMask = 2147483647;
			files = (
				4AD5CF482715E61900FF3DD4 /* Flashcard.swift in Sources */,
				4AF712FD27279525005299EB /* HW6FlashcardsDataModel.swift in Sources */,
				4AD5CF352715E42900FF3DD4 /* XuConneHW5UITestsLaunchTests.swift in Sources */,
				4AD5CF332715E42900FF3DD4 /* XuConneHW5UITests.swift in Sources */,
				4AD5CF502715E85F00FF3DD4 /* FlashcardsModel.swift in Sources */,
			);
			runOnlyForDeploymentPostprocessing = 0;
		};
/* End PBXSourcesBuildPhase section */

/* Begin PBXTargetDependency section */
		4AD5CF262715E42900FF3DD4 /* PBXTargetDependency */ = {
			isa = PBXTargetDependency;
			target = 4AD5CF0D2715E42800FF3DD4 /* XuConnieHW6 */;
			targetProxy = 4AD5CF252715E42900FF3DD4 /* PBXContainerItemProxy */;
		};
		4AD5CF302715E42900FF3DD4 /* PBXTargetDependency */ = {
			isa = PBXTargetDependency;
			target = 4AD5CF0D2715E42800FF3DD4 /* XuConnieHW6 */;
			targetProxy = 4AD5CF2F2715E42900FF3DD4 /* PBXContainerItemProxy */;
		};
/* End PBXTargetDependency section */

/* Begin PBXVariantGroup section */
		4AD5CF172715E42800FF3DD4 /* Main.storyboard */ = {
			isa = PBXVariantGroup;
			children = (
				4AD5CF182715E42800FF3DD4 /* Base */,
			);
			name = Main.storyboard;
			sourceTree = "<group>";
		};
		4AD5CF1C2715E42900FF3DD4 /* LaunchScreen.storyboard */ = {
			isa = PBXVariantGroup;
			children = (
				4AD5CF1D2715E42900FF3DD4 /* Base */,
			);
			name = LaunchScreen.storyboard;
			sourceTree = "<group>";
		};
/* End PBXVariantGroup section */

/* Begin XCBuildConfiguration section */
		4AD5CF362715E42900FF3DD4 /* Debug */ = {
			isa = XCBuildConfiguration;
			buildSettings = {
				ALWAYS_SEARCH_USER_PATHS = NO;
				CLANG_ANALYZER_NONNULL = YES;
				CLANG_ANALYZER_NUMBER_OBJECT_CONVERSION = YES_AGGRESSIVE;
				CLANG_CXX_LANGUAGE_STANDARD = "gnu++17";
				CLANG_CXX_LIBRARY = "libc++";
				CLANG_ENABLE_MODULES = YES;
				CLANG_ENABLE_OBJC_ARC = YES;
				CLANG_ENABLE_OBJC_WEAK = YES;
				CLANG_WARN_BLOCK_CAPTURE_AUTORELEASING = YES;
				CLANG_WARN_BOOL_CONVERSION = YES;
				CLANG_WARN_COMMA = YES;
				CLANG_WARN_CONSTANT_CONVERSION = YES;
				CLANG_WARN_DEPRECATED_OBJC_IMPLEMENTATIONS = YES;
				CLANG_WARN_DIRECT_OBJC_ISA_USAGE = YES_ERROR;
				CLANG_WARN_DOCUMENTATION_COMMENTS = YES;
				CLANG_WARN_EMPTY_BODY = YES;
				CLANG_WARN_ENUM_CONVERSION = YES;
				CLANG_WARN_INFINITE_RECURSION = YES;
				CLANG_WARN_INT_CONVERSION = YES;
				CLANG_WARN_NON_LITERAL_NULL_CONVERSION = YES;
				CLANG_WARN_OBJC_IMPLICIT_RETAIN_SELF = YES;
				CLANG_WARN_OBJC_LITERAL_CONVERSION = YES;
				CLANG_WARN_OBJC_ROOT_CLASS = YES_ERROR;
				CLANG_WARN_QUOTED_INCLUDE_IN_FRAMEWORK_HEADER = YES;
				CLANG_WARN_RANGE_LOOP_ANALYSIS = YES;
				CLANG_WARN_STRICT_PROTOTYPES = YES;
				CLANG_WARN_SUSPICIOUS_MOVE = YES;
				CLANG_WARN_UNGUARDED_AVAILABILITY = YES_AGGRESSIVE;
				CLANG_WARN_UNREACHABLE_CODE = YES;
				CLANG_WARN__DUPLICATE_METHOD_MATCH = YES;
				COPY_PHASE_STRIP = NO;
				DEBUG_INFORMATION_FORMAT = dwarf;
				ENABLE_STRICT_OBJC_MSGSEND = YES;
				ENABLE_TESTABILITY = YES;
				GCC_C_LANGUAGE_STANDARD = gnu11;
				GCC_DYNAMIC_NO_PIC = NO;
				GCC_NO_COMMON_BLOCKS = YES;
				GCC_OPTIMIZATION_LEVEL = 0;
				GCC_PREPROCESSOR_DEFINITIONS = (
					"DEBUG=1",
					"$(inherited)",
				);
				GCC_WARN_64_TO_32_BIT_CONVERSION = YES;
				GCC_WARN_ABOUT_RETURN_TYPE = YES_ERROR;
				GCC_WARN_UNDECLARED_SELECTOR = YES;
				GCC_WARN_UNINITIALIZED_AUTOS = YES_AGGRESSIVE;
				GCC_WARN_UNUSED_FUNCTION = YES;
				GCC_WARN_UNUSED_VARIABLE = YES;
				IPHONEOS_DEPLOYMENT_TARGET = 15.0;
				MTL_ENABLE_DEBUG_INFO = INCLUDE_SOURCE;
				MTL_FAST_MATH = YES;
				ONLY_ACTIVE_ARCH = YES;
				SDKROOT = iphoneos;
				SWIFT_ACTIVE_COMPILATION_CONDITIONS = DEBUG;
				SWIFT_OPTIMIZATION_LEVEL = "-Onone";
			};
			name = Debug;
		};
		4AD5CF372715E42900FF3DD4 /* Release */ = {
			isa = XCBuildConfiguration;
			buildSettings = {
				ALWAYS_SEARCH_USER_PATHS = NO;
				CLANG_ANALYZER_NONNULL = YES;
				CLANG_ANALYZER_NUMBER_OBJECT_CONVERSION = YES_AGGRESSIVE;
				CLANG_CXX_LANGUAGE_STANDARD = "gnu++17";
				CLANG_CXX_LIBRARY = "libc++";
				CLANG_ENABLE_MODULES = YES;
				CLANG_ENABLE_OBJC_ARC = YES;
				CLANG_ENABLE_OBJC_WEAK = YES;
				CLANG_WARN_BLOCK_CAPTURE_AUTORELEASING = YES;
				CLANG_WARN_BOOL_CONVERSION = YES;
				CLANG_WARN_COMMA = YES;
				CLANG_WARN_CONSTANT_CONVERSION = YES;
				CLANG_WARN_DEPRECATED_OBJC_IMPLEMENTATIONS = YES;
				CLANG_WARN_DIRECT_OBJC_ISA_USAGE = YES_ERROR;
				CLANG_WARN_DOCUMENTATION_COMMENTS = YES;
				CLANG_WARN_EMPTY_BODY = YES;
				CLANG_WARN_ENUM_CONVERSION = YES;
				CLANG_WARN_INFINITE_RECURSION = YES;
				CLANG_WARN_INT_CONVERSION = YES;
				CLANG_WARN_NON_LITERAL_NULL_CONVERSION = YES;
				CLANG_WARN_OBJC_IMPLICIT_RETAIN_SELF = YES;
				CLANG_WARN_OBJC_LITERAL_CONVERSION = YES;
				CLANG_WARN_OBJC_ROOT_CLASS = YES_ERROR;
				CLANG_WARN_QUOTED_INCLUDE_IN_FRAMEWORK_HEADER = YES;
				CLANG_WARN_RANGE_LOOP_ANALYSIS = YES;
				CLANG_WARN_STRICT_PROTOTYPES = YES;
				CLANG_WARN_SUSPICIOUS_MOVE = YES;
				CLANG_WARN_UNGUARDED_AVAILABILITY = YES_AGGRESSIVE;
				CLANG_WARN_UNREACHABLE_CODE = YES;
				CLANG_WARN__DUPLICATE_METHOD_MATCH = YES;
				COPY_PHASE_STRIP = NO;
				DEBUG_INFORMATION_FORMAT = "dwarf-with-dsym";
				ENABLE_NS_ASSERTIONS = NO;
				ENABLE_STRICT_OBJC_MSGSEND = YES;
				GCC_C_LANGUAGE_STANDARD = gnu11;
				GCC_NO_COMMON_BLOCKS = YES;
				GCC_WARN_64_TO_32_BIT_CONVERSION = YES;
				GCC_WARN_ABOUT_RETURN_TYPE = YES_ERROR;
				GCC_WARN_UNDECLARED_SELECTOR = YES;
				GCC_WARN_UNINITIALIZED_AUTOS = YES_AGGRESSIVE;
				GCC_WARN_UNUSED_FUNCTION = YES;
				GCC_WARN_UNUSED_VARIABLE = YES;
				IPHONEOS_DEPLOYMENT_TARGET = 15.0;
				MTL_ENABLE_DEBUG_INFO = NO;
				MTL_FAST_MATH = YES;
				SDKROOT = iphoneos;
				SWIFT_COMPILATION_MODE = wholemodule;
				SWIFT_OPTIMIZATION_LEVEL = "-O";
				VALIDATE_PRODUCT = YES;
			};
			name = Release;
		};
		4AD5CF392715E42900FF3DD4 /* Debug */ = {
			isa = XCBuildConfiguration;
			buildSettings = {
				ASSETCATALOG_COMPILER_APPICON_NAME = AppIcon;
				ASSETCATALOG_COMPILER_GLOBAL_ACCENT_COLOR_NAME = AccentColor;
				CODE_SIGN_STYLE = Automatic;
				CURRENT_PROJECT_VERSION = 1;
				GENERATE_INFOPLIST_FILE = YES;
				INFOPLIST_FILE = XuConneHW5/Info.plist;
				INFOPLIST_KEY_CFBundleDisplayName = Flashcards;
				INFOPLIST_KEY_UIApplicationSupportsIndirectInputEvents = YES;
				INFOPLIST_KEY_UILaunchStoryboardName = LaunchScreen;
				INFOPLIST_KEY_UIMainStoryboardFile = Main;
				INFOPLIST_KEY_UISupportedInterfaceOrientations = UIInterfaceOrientationPortrait;
				INFOPLIST_KEY_UISupportedInterfaceOrientations_iPad = "UIInterfaceOrientationPortrait UIInterfaceOrientationPortraitUpsideDown UIInterfaceOrientationLandscapeLeft UIInterfaceOrientationLandscapeRight";
				INFOPLIST_KEY_UISupportedInterfaceOrientations_iPhone = "UIInterfaceOrientationPortrait UIInterfaceOrientationLandscapeLeft UIInterfaceOrientationLandscapeRight";
				LD_RUNPATH_SEARCH_PATHS = (
					"$(inherited)",
					"@executable_path/Frameworks",
				);
				MARKETING_VERSION = 1.0;
				PRODUCT_BUNDLE_IDENTIFIER = edu.usc.XuConneHW5;
				PRODUCT_NAME = "$(TARGET_NAME)";
				SWIFT_EMIT_LOC_STRINGS = YES;
				SWIFT_VERSION = 5.0;
				TARGETED_DEVICE_FAMILY = 1;
			};
			name = Debug;
		};
		4AD5CF3A2715E42900FF3DD4 /* Release */ = {
			isa = XCBuildConfiguration;
			buildSettings = {
				ASSETCATALOG_COMPILER_APPICON_NAME = AppIcon;
				ASSETCATALOG_COMPILER_GLOBAL_ACCENT_COLOR_NAME = AccentColor;
				CODE_SIGN_STYLE = Automatic;
				CURRENT_PROJECT_VERSION = 1;
				GENERATE_INFOPLIST_FILE = YES;
				INFOPLIST_FILE = XuConneHW5/Info.plist;
				INFOPLIST_KEY_CFBundleDisplayName = Flashcards;
				INFOPLIST_KEY_UIApplicationSupportsIndirectInputEvents = YES;
				INFOPLIST_KEY_UILaunchStoryboardName = LaunchScreen;
				INFOPLIST_KEY_UIMainStoryboardFile = Main;
				INFOPLIST_KEY_UISupportedInterfaceOrientations = UIInterfaceOrientationPortrait;
				INFOPLIST_KEY_UISupportedInterfaceOrientations_iPad = "UIInterfaceOrientationPortrait UIInterfaceOrientationPortraitUpsideDown UIInterfaceOrientationLandscapeLeft UIInterfaceOrientationLandscapeRight";
				INFOPLIST_KEY_UISupportedInterfaceOrientations_iPhone = "UIInterfaceOrientationPortrait UIInterfaceOrientationLandscapeLeft UIInterfaceOrientationLandscapeRight";
				LD_RUNPATH_SEARCH_PATHS = (
					"$(inherited)",
					"@executable_path/Frameworks",
				);
				MARKETING_VERSION = 1.0;
				PRODUCT_BUNDLE_IDENTIFIER = edu.usc.XuConneHW5;
				PRODUCT_NAME = "$(TARGET_NAME)";
				SWIFT_EMIT_LOC_STRINGS = YES;
				SWIFT_VERSION = 5.0;
				TARGETED_DEVICE_FAMILY = 1;
			};
			name = Release;
		};
		4AD5CF3C2715E42900FF3DD4 /* Debug */ = {
			isa = XCBuildConfiguration;
			buildSettings = {
				ALWAYS_EMBED_SWIFT_STANDARD_LIBRARIES = YES;
				BUNDLE_LOADER = "$(TEST_HOST)";
				CODE_SIGN_STYLE = Automatic;
				CURRENT_PROJECT_VERSION = 1;
				GENERATE_INFOPLIST_FILE = YES;
				IPHONEOS_DEPLOYMENT_TARGET = 15.0;
				LD_RUNPATH_SEARCH_PATHS = (
					"$(inherited)",
					"@executable_path/Frameworks",
					"@loader_path/Frameworks",
				);
				MARKETING_VERSION = 1.0;
				PRODUCT_BUNDLE_IDENTIFIER = edu.usc.XuConneHW5Tests;
				PRODUCT_NAME = "$(TARGET_NAME)";
				SWIFT_EMIT_LOC_STRINGS = NO;
				SWIFT_VERSION = 5.0;
				TARGETED_DEVICE_FAMILY = "1,2";
				TEST_HOST = "$(BUILT_PRODUCTS_DIR)/XuConnieHW6.app/XuConnieHW6";
			};
			name = Debug;
		};
		4AD5CF3D2715E42900FF3DD4 /* Release */ = {
			isa = XCBuildConfiguration;
			buildSettings = {
				ALWAYS_EMBED_SWIFT_STANDARD_LIBRARIES = YES;
				BUNDLE_LOADER = "$(TEST_HOST)";
				CODE_SIGN_STYLE = Automatic;
				CURRENT_PROJECT_VERSION = 1;
				GENERATE_INFOPLIST_FILE = YES;
				IPHONEOS_DEPLOYMENT_TARGET = 15.0;
				LD_RUNPATH_SEARCH_PATHS = (
					"$(inherited)",
					"@executable_path/Frameworks",
					"@loader_path/Frameworks",
				);
				MARKETING_VERSION = 1.0;
				PRODUCT_BUNDLE_IDENTIFIER = edu.usc.XuConneHW5Tests;
				PRODUCT_NAME = "$(TARGET_NAME)";
				SWIFT_EMIT_LOC_STRINGS = NO;
				SWIFT_VERSION = 5.0;
				TARGETED_DEVICE_FAMILY = "1,2";
				TEST_HOST = "$(BUILT_PRODUCTS_DIR)/XuConnieHW6.app/XuConnieHW6";
			};
			name = Release;
		};
		4AD5CF3F2715E42900FF3DD4 /* Debug */ = {
			isa = XCBuildConfiguration;
			buildSettings = {
				ALWAYS_EMBED_SWIFT_STANDARD_LIBRARIES = YES;
				CODE_SIGN_STYLE = Automatic;
				CURRENT_PROJECT_VERSION = 1;
				GENERATE_INFOPLIST_FILE = YES;
				LD_RUNPATH_SEARCH_PATHS = (
					"$(inherited)",
					"@executable_path/Frameworks",
					"@loader_path/Frameworks",
				);
				MARKETING_VERSION = 1.0;
				PRODUCT_BUNDLE_IDENTIFIER = edu.usc.XuConneHW5UITests;
				PRODUCT_NAME = "$(TARGET_NAME)";
				SWIFT_EMIT_LOC_STRINGS = NO;
				SWIFT_VERSION = 5.0;
				TARGETED_DEVICE_FAMILY = "1,2";
				TEST_TARGET_NAME = XuConneHW5;
			};
			name = Debug;
		};
		4AD5CF402715E42900FF3DD4 /* Release */ = {
			isa = XCBuildConfiguration;
			buildSettings = {
				ALWAYS_EMBED_SWIFT_STANDARD_LIBRARIES = YES;
				CODE_SIGN_STYLE = Automatic;
				CURRENT_PROJECT_VERSION = 1;
				GENERATE_INFOPLIST_FILE = YES;
				LD_RUNPATH_SEARCH_PATHS = (
					"$(inherited)",
					"@executable_path/Frameworks",
					"@loader_path/Frameworks",
				);
				MARKETING_VERSION = 1.0;
				PRODUCT_BUNDLE_IDENTIFIER = edu.usc.XuConneHW5UITests;
				PRODUCT_NAME = "$(TARGET_NAME)";
				SWIFT_EMIT_LOC_STRINGS = NO;
				SWIFT_VERSION = 5.0;
				TARGETED_DEVICE_FAMILY = "1,2";
				TEST_TARGET_NAME = XuConneHW5;
			};
			name = Release;
		};
/* End XCBuildConfiguration section */

/* Begin XCConfigurationList section */
		4AD5CF092715E42800FF3DD4 /* Build configuration list for PBXProject "XuConnieHW6" */ = {
			isa = XCConfigurationList;
			buildConfigurations = (
				4AD5CF362715E42900FF3DD4 /* Debug */,
				4AD5CF372715E42900FF3DD4 /* Release */,
			);
			defaultConfigurationIsVisible = 0;
			defaultConfigurationName = Release;
		};
		4AD5CF382715E42900FF3DD4 /* Build configuration list for PBXNativeTarget "XuConnieHW6" */ = {
			isa = XCConfigurationList;
			buildConfigurations = (
				4AD5CF392715E42900FF3DD4 /* Debug */,
				4AD5CF3A2715E42900FF3DD4 /* Release */,
			);
			defaultConfigurationIsVisible = 0;
			defaultConfigurationName = Release;
		};
		4AD5CF3B2715E42900FF3DD4 /* Build configuration list for PBXNativeTarget "XuConnieHW6Tests" */ = {
			isa = XCConfigurationList;
			buildConfigurations = (
				4AD5CF3C2715E42900FF3DD4 /* Debug */,
				4AD5CF3D2715E42900FF3DD4 /* Release */,
			);
			defaultConfigurationIsVisible = 0;
			defaultConfigurationName = Release;
		};
		4AD5CF3E2715E42900FF3DD4 /* Build configuration list for PBXNativeTarget "XuConnieHW6UITests" */ = {
			isa = XCConfigurationList;
			buildConfigurations = (
				4AD5CF3F2715E42900FF3DD4 /* Debug */,
				4AD5CF402715E42900FF3DD4 /* Release */,
			);
			defaultConfigurationIsVisible = 0;
			defaultConfigurationName = Release;
		};
/* End XCConfigurationList section */
	};
	rootObject = 4AD5CF062715E42800FF3DD4 /* Project object */;
}
